
Microsoft Visual Studio Solution File, Format Version 12.00
# Visual Studio 15
VisualStudioVersion = 15.0.27703.2035
MinimumVisualStudioVersion = 10.0.40219.1
Project("{FAE04EC0-301F-11D3-BF4B-00C04F79EFBC}") = "WebBjola", "WebBjola\WebBjola.csproj", "{AE3D74CD-DD6F-45D1-A154-2C0FDD646511}"
EndProject
Global
	GlobalSection(SolutionConfigurationPlatforms) = preSolution
		Debug|Any CPU = Debug|Any CPU
		Release|Any CPU = Release|Any CPU
	EndGlobalSection
	GlobalSection(ProjectConfigurationPlatforms) = postSolution
		{AE3D74CD-DD6F-45D1-A154-2C0FDD646511}.Debug|Any CPU.ActiveCfg = Debug|Any CPU
		{AE3D74CD-DD6F-45D1-A154-2C0FDD646511}.Debug|Any CPU.Build.0 = Debug|Any CPU
		{AE3D74CD-DD6F-45D1-A154-2C0FDD646511}.Release|Any CPU.ActiveCfg = Release|Any CPU
		{AE3D74CD-DD6F-45D1-A154-2C0FDD646511}.Release|Any CPU.Build.0 = Release|Any CPU
	EndGlobalSection
	GlobalSection(SolutionProperties) = preSolution
		HideSolutionNode = FALSE
	EndGlobalSection
	GlobalSection(ExtensibilityGlobals) = postSolution
		SolutionGuid = {F06D965C-9A10-495B-A2B9-38924A2280BC}
	EndGlobalSection
EndGlobal
